{
  "version": 4,
  "terraform_version": "0.12.20",
  "serial": 3,
  "lineage": "49654385-6861-71fb-345a-ee3c98034d04",
  "outputs": {
    "external_source": {
      "value": {
        "file": "lambda_layer.zip"
      },
      "type": [
        "map",
        "string"
      ]
    }
  },
  "resources": [
    {
      "mode": "data",
      "type": "external",
      "name": "deno_layer",
      "provider": "provider.external",
      "instances": [
        {
          "schema_version": 0,
          "attributes": {
            "id": "-",
            "program": [
              "node",
              "./get-release.js"
            ],
            "query": null,
            "result": {
              "file": "lambda_layer.zip"
            },
            "working_dir": null
          }
        }
      ]
    },
    {
      "mode": "managed",
      "type": "aws_lambda_layer_version",
      "name": "lambda_layer",
      "provider": "provider.aws",
      "instances": [
        {
          "schema_version": 0,
          "attributes": {
            "arn": "arn:aws:lambda:us-east-1:492107414874:layer:deno_lambda_layer:1",
            "compatible_runtimes": null,
            "created_date": "2020-05-12T21:31:23.329+0000",
            "description": "",
            "filename": "lambda_layer.zip",
            "id": "arn:aws:lambda:us-east-1:492107414874:layer:deno_lambda_layer:1",
            "layer_arn": "arn:aws:lambda:us-east-1:492107414874:layer:deno_lambda_layer",
            "layer_name": "deno_lambda_layer",
            "license_info": "",
            "s3_bucket": null,
            "s3_key": null,
            "s3_object_version": null,
            "source_code_hash": "qqDHokLmoS4MojzRX2XDlaer8aQxBu1sjP5tZphsSNQ=",
            "source_code_size": 26383,
            "version": "1"
          },
          "private": "bnVsbA=="
        }
      ]
    }
  ]
}
